
Microsoft Visual Studio Solution File, Format Version 12.00
# Visual Studio Version 16
VisualStudioVersion = 16.0.30717.126
MinimumVisualStudioVersion = 10.0.40219.1
Project("{FAE04EC0-301F-11D3-BF4B-00C04F79EFBC}") = "GoogleCaptchaV3CoreDemo", "GoogleCaptchaV3CoreDemo\GoogleCaptchaV3CoreDemo.csproj", "{FC146A1B-CD8D-4550-9969-EAC523691361}"
EndProject
Global
	GlobalSection(SolutionConfigurationPlatforms) = preSolution
		Debug|Any CPU = Debug|Any CPU
		Release|Any CPU = Release|Any CPU
	EndGlobalSection
	GlobalSection(ProjectConfigurationPlatforms) = postSolution
		{FC146A1B-CD8D-4550-9969-EAC523691361}.Debug|Any CPU.ActiveCfg = Debug|Any CPU
		{FC146A1B-CD8D-4550-9969-EAC523691361}.Debug|Any CPU.Build.0 = Debug|Any CPU
		{FC146A1B-CD8D-4550-9969-EAC523691361}.Release|Any CPU.ActiveCfg = Release|Any CPU
		{FC146A1B-CD8D-4550-9969-EAC523691361}.Release|Any CPU.Build.0 = Release|Any CPU
	EndGlobalSection
	GlobalSection(SolutionProperties) = preSolution
		HideSolutionNode = FALSE
	EndGlobalSection
	GlobalSection(ExtensibilityGlobals) = postSolution
		SolutionGuid = {6F791CE7-972A-4529-BF55-4470EF33C842}
	EndGlobalSection
EndGlobal
